// !$*UTF8*$!
{
	archiveVersion = 1;
	classes = {
	};
	objectVersion = 46;
	objects = {

/* Begin PBXBuildFile section */
		1D60589B0D05DD56006BFB54 /* main.m in Sources */ = {isa = PBXBuildFile; fileRef = 29B97316FDCFA39411CA2CEA /* main.m */; };
		1F3B9A2D0EF2145700286867 /* SneakyInput_0_4_0AppDelegate.m in Sources */ = {isa = PBXBuildFile; fileRef = 1F3B9A2B0EF2145700286867 /* SneakyInput_0_4_0AppDelegate.m */; };
		3395BB8712A9EEC200243B7A /* SneakyButton.m in Sources */ = {isa = PBXBuildFile; fileRef = 3395BB7712A9EEC200243B7A /* SneakyButton.m */; };
		3395BB8812A9EEC200243B7A /* SneakyButtonSkinnedBase.m in Sources */ = {isa = PBXBuildFile; fileRef = 3395BB7A12A9EEC200243B7A /* SneakyButtonSkinnedBase.m */; };
		3395BB8912A9EEC200243B7A /* ColoredCircleSprite.m in Sources */ = {isa = PBXBuildFile; fileRef = 3395BB7C12A9EEC200243B7A /* ColoredCircleSprite.m */; };
		3395BB8A12A9EEC200243B7A /* SneakyJoystick.m in Sources */ = {isa = PBXBuildFile; fileRef = 3395BB7F12A9EEC200243B7A /* SneakyJoystick.m */; };
		3395BB8B12A9EEC200243B7A /* SneakyJoystickSkinnedBase.m in Sources */ = {isa = PBXBuildFile; fileRef = 3395BB8212A9EEC200243B7A /* SneakyJoystickSkinnedBase.m */; };
		3395BB8C12A9EEC200243B7A /* SneakyJoystickSkinnedDPadExample.m in Sources */ = {isa = PBXBuildFile; fileRef = 3395BB8412A9EEC200243B7A /* SneakyJoystickSkinnedDPadExample.m */; };
		3395BB8D12A9EEC200243B7A /* SneakyJoystickSkinnedJoystickExample.m in Sources */ = {isa = PBXBuildFile; fileRef = 3395BB8612A9EEC200243B7A /* SneakyJoystickSkinnedJoystickExample.m */; };
		506EDB88102F4C4000A389B3 /* libz.dylib in Frameworks */ = {isa = PBXBuildFile; fileRef = 506EDB87102F4C4000A389B3 /* libz.dylib */; };
		506EDBA5102F4C9F00A389B3 /* AVFoundation.framework in Frameworks */ = {isa = PBXBuildFile; fileRef = 506EDBA4102F4C9F00A389B3 /* AVFoundation.framework */; };
		506EDC31102F528A00A389B3 /* HelloWorldScene.m in Sources */ = {isa = PBXBuildFile; fileRef = 506EDC30102F528A00A389B3 /* HelloWorldScene.m */; };
		50F414F01069373D002A0D5E /* Default.png in Resources */ = {isa = PBXBuildFile; fileRef = 50F414EC1069373D002A0D5E /* Default.png */; };
		50F414F11069373D002A0D5E /* fps_images.png in Resources */ = {isa = PBXBuildFile; fileRef = 50F414ED1069373D002A0D5E /* fps_images.png */; };
		50F414F21069373D002A0D5E /* Icon.png in Resources */ = {isa = PBXBuildFile; fileRef = 50F414EE1069373D002A0D5E /* Icon.png */; };
		DC6640030F83B3EA000B3E49 /* AudioToolbox.framework in Frameworks */ = {isa = PBXBuildFile; fileRef = DC6640020F83B3EA000B3E49 /* AudioToolbox.framework */; };
		DC6640050F83B3EA000B3E49 /* OpenAL.framework in Frameworks */ = {isa = PBXBuildFile; fileRef = DC6640040F83B3EA000B3E49 /* OpenAL.framework */; };
		DCCBF1B70F6022AE0040855A /* CoreGraphics.framework in Frameworks */ = {isa = PBXBuildFile; fileRef = DCCBF1B60F6022AE0040855A /* CoreGraphics.framework */; };
		DCCBF1B90F6022AE0040855A /* Foundation.framework in Frameworks */ = {isa = PBXBuildFile; fileRef = DCCBF1B80F6022AE0040855A /* Foundation.framework */; };
		DCCBF1BB0F6022AE0040855A /* OpenGLES.framework in Frameworks */ = {isa = PBXBuildFile; fileRef = DCCBF1BA0F6022AE0040855A /* OpenGLES.framework */; };
		DCCBF1BD0F6022AE0040855A /* QuartzCore.framework in Frameworks */ = {isa = PBXBuildFile; fileRef = DCCBF1BC0F6022AE0040855A /* QuartzCore.framework */; };
		DCCBF1BF0F6022AE0040855A /* UIKit.framework in Frameworks */ = {isa = PBXBuildFile; fileRef = DCCBF1BE0F6022AE0040855A /* UIKit.framework */; };
		E63415E11618411600BF8BA0 /* CCNavigationViewController.mm in Sources */ = {isa = PBXBuildFile; fileRef = E63415DF1618411600BF8BA0 /* CCNavigationViewController.mm */; };
		E66F11AA15FE5FB300FB8F3F /* ColoredSquareSprite.m in Sources */ = {isa = PBXBuildFile; fileRef = E66F11A815FE5FB300FB8F3F /* ColoredSquareSprite.m */; };
/* End PBXBuildFile section */

/* Begin PBXFileReference section */
		1D6058910D05DD3D006BFB54 /* SneakyInput 0.4.0.app */ = {isa = PBXFileReference; explicitFileType = wrapper.application; includeInIndex = 0; path = "SneakyInput 0.4.0.app"; sourceTree = BUILT_PRODUCTS_DIR; };
		1F3B9A2B0EF2145700286867 /* SneakyInput_0_4_0AppDelegate.m */ = {isa = PBXFileReference; fileEncoding = 4; lastKnownFileType = sourcecode.c.objc; name = SneakyInput_0_4_0AppDelegate.m; path = Classes/SneakyInput_0_4_0AppDelegate.m; sourceTree = SOURCE_ROOT; };
		1F3B9A2C0EF2145700286867 /* SneakyInput_0_4_0AppDelegate.h */ = {isa = PBXFileReference; fileEncoding = 4; lastKnownFileType = sourcecode.c.h; name = SneakyInput_0_4_0AppDelegate.h; path = Classes/SneakyInput_0_4_0AppDelegate.h; sourceTree = SOURCE_ROOT; };
		1F3B9A820EF2151B00286867 /* SneakyInput_0_4_0_Prefix.pch */ = {isa = PBXFileReference; fileEncoding = 4; lastKnownFileType = sourcecode.c.h; path = SneakyInput_0_4_0_Prefix.pch; sourceTree = SOURCE_ROOT; };
		29B97316FDCFA39411CA2CEA /* main.m */ = {isa = PBXFileReference; fileEncoding = 4; lastKnownFileType = sourcecode.c.objc; path = main.m; sourceTree = "<group>"; };
		3395BB7612A9EEC200243B7A /* SneakyButton.h */ = {isa = PBXFileReference; fileEncoding = 4; lastKnownFileType = sourcecode.c.h; path = SneakyButton.h; sourceTree = "<group>"; };
		3395BB7712A9EEC200243B7A /* SneakyButton.m */ = {isa = PBXFileReference; fileEncoding = 4; lastKnownFileType = sourcecode.c.objc; path = SneakyButton.m; sourceTree = "<group>"; };
		3395BB7912A9EEC200243B7A /* SneakyButtonSkinnedBase.h */ = {isa = PBXFileReference; fileEncoding = 4; lastKnownFileType = sourcecode.c.h; path = SneakyButtonSkinnedBase.h; sourceTree = "<group>"; };
		3395BB7A12A9EEC200243B7A /* SneakyButtonSkinnedBase.m */ = {isa = PBXFileReference; fileEncoding = 4; lastKnownFileType = sourcecode.c.objc; path = SneakyButtonSkinnedBase.m; sourceTree = "<group>"; };
		3395BB7B12A9EEC200243B7A /* ColoredCircleSprite.h */ = {isa = PBXFileReference; fileEncoding = 4; lastKnownFileType = sourcecode.c.h; path = ColoredCircleSprite.h; sourceTree = "<group>"; };
		3395BB7C12A9EEC200243B7A /* ColoredCircleSprite.m */ = {isa = PBXFileReference; fileEncoding = 4; lastKnownFileType = sourcecode.c.objc; path = ColoredCircleSprite.m; sourceTree = "<group>"; };
		3395BB7E12A9EEC200243B7A /* SneakyJoystick.h */ = {isa = PBXFileReference; fileEncoding = 4; lastKnownFileType = sourcecode.c.h; path = SneakyJoystick.h; sourceTree = "<group>"; };
		3395BB7F12A9EEC200243B7A /* SneakyJoystick.m */ = {isa = PBXFileReference; fileEncoding = 4; lastKnownFileType = sourcecode.c.objc; path = SneakyJoystick.m; sourceTree = "<group>"; };
		3395BB8112A9EEC200243B7A /* SneakyJoystickSkinnedBase.h */ = {isa = PBXFileReference; fileEncoding = 4; lastKnownFileType = sourcecode.c.h; path = SneakyJoystickSkinnedBase.h; sourceTree = "<group>"; };
		3395BB8212A9EEC200243B7A /* SneakyJoystickSkinnedBase.m */ = {isa = PBXFileReference; fileEncoding = 4; lastKnownFileType = sourcecode.c.objc; path = SneakyJoystickSkinnedBase.m; sourceTree = "<group>"; };
		3395BB8312A9EEC200243B7A /* SneakyJoystickSkinnedDPadExample.h */ = {isa = PBXFileReference; fileEncoding = 4; lastKnownFileType = sourcecode.c.h; path = SneakyJoystickSkinnedDPadExample.h; sourceTree = "<group>"; };
		3395BB8412A9EEC200243B7A /* SneakyJoystickSkinnedDPadExample.m */ = {isa = PBXFileReference; fileEncoding = 4; lastKnownFileType = sourcecode.c.objc; path = SneakyJoystickSkinnedDPadExample.m; sourceTree = "<group>"; };
		3395BB8512A9EEC200243B7A /* SneakyJoystickSkinnedJoystickExample.h */ = {isa = PBXFileReference; fileEncoding = 4; lastKnownFileType = sourcecode.c.h; path = SneakyJoystickSkinnedJoystickExample.h; sourceTree = "<group>"; };
		3395BB8612A9EEC200243B7A /* SneakyJoystickSkinnedJoystickExample.m */ = {isa = PBXFileReference; fileEncoding = 4; lastKnownFileType = sourcecode.c.objc; path = SneakyJoystickSkinnedJoystickExample.m; sourceTree = "<group>"; };
		506EDB87102F4C4000A389B3 /* libz.dylib */ = {isa = PBXFileReference; lastKnownFileType = "compiled.mach-o.dylib"; name = libz.dylib; path = usr/lib/libz.dylib; sourceTree = SDKROOT; };
		506EDBA4102F4C9F00A389B3 /* AVFoundation.framework */ = {isa = PBXFileReference; lastKnownFileType = wrapper.framework; name = AVFoundation.framework; path = System/Library/Frameworks/AVFoundation.framework; sourceTree = SDKROOT; };
		506EDC2F102F528A00A389B3 /* HelloWorldScene.h */ = {isa = PBXFileReference; fileEncoding = 4; lastKnownFileType = sourcecode.c.h; path = HelloWorldScene.h; sourceTree = "<group>"; };
		506EDC30102F528A00A389B3 /* HelloWorldScene.m */ = {isa = PBXFileReference; fileEncoding = 4; lastKnownFileType = sourcecode.c.objc; path = HelloWorldScene.m; sourceTree = "<group>"; };
		50F414EC1069373D002A0D5E /* Default.png */ = {isa = PBXFileReference; lastKnownFileType = image.png; path = Default.png; sourceTree = "<group>"; };
		50F414ED1069373D002A0D5E /* fps_images.png */ = {isa = PBXFileReference; lastKnownFileType = image.png; path = fps_images.png; sourceTree = "<group>"; };
		50F414EE1069373D002A0D5E /* Icon.png */ = {isa = PBXFileReference; lastKnownFileType = image.png; path = Icon.png; sourceTree = "<group>"; };
		50F414EF1069373D002A0D5E /* Info.plist */ = {isa = PBXFileReference; fileEncoding = 4; lastKnownFileType = text.plist.xml; path = Info.plist; sourceTree = "<group>"; };
		DC6640020F83B3EA000B3E49 /* AudioToolbox.framework */ = {isa = PBXFileReference; lastKnownFileType = wrapper.framework; name = AudioToolbox.framework; path = System/Library/Frameworks/AudioToolbox.framework; sourceTree = SDKROOT; };
		DC6640040F83B3EA000B3E49 /* OpenAL.framework */ = {isa = PBXFileReference; lastKnownFileType = wrapper.framework; name = OpenAL.framework; path = System/Library/Frameworks/OpenAL.framework; sourceTree = SDKROOT; };
		DCCBF1B60F6022AE0040855A /* CoreGraphics.framework */ = {isa = PBXFileReference; lastKnownFileType = wrapper.framework; name = CoreGraphics.framework; path = System/Library/Frameworks/CoreGraphics.framework; sourceTree = SDKROOT; };
		DCCBF1B80F6022AE0040855A /* Foundation.framework */ = {isa = PBXFileReference; lastKnownFileType = wrapper.framework; name = Foundation.framework; path = System/Library/Frameworks/Foundation.framework; sourceTree = SDKROOT; };
		DCCBF1BA0F6022AE0040855A /* OpenGLES.framework */ = {isa = PBXFileReference; lastKnownFileType = wrapper.framework; name = OpenGLES.framework; path = System/Library/Frameworks/OpenGLES.framework; sourceTree = SDKROOT; };
		DCCBF1BC0F6022AE0040855A /* QuartzCore.framework */ = {isa = PBXFileReference; lastKnownFileType = wrapper.framework; name = QuartzCore.framework; path = System/Library/Frameworks/QuartzCore.framework; sourceTree = SDKROOT; };
		DCCBF1BE0F6022AE0040855A /* UIKit.framework */ = {isa = PBXFileReference; lastKnownFileType = wrapper.framework; name = UIKit.framework; path = System/Library/Frameworks/UIKit.framework; sourceTree = SDKROOT; };
		E63415DF1618411600BF8BA0 /* CCNavigationViewController.mm */ = {isa = PBXFileReference; fileEncoding = 4; lastKnownFileType = sourcecode.cpp.objcpp; path = CCNavigationViewController.mm; sourceTree = "<group>"; };
		E63415E01618411600BF8BA0 /* CCNavigationViewController.h */ = {isa = PBXFileReference; fileEncoding = 4; lastKnownFileType = sourcecode.c.h; path = CCNavigationViewController.h; sourceTree = "<group>"; };
		E66F11A815FE5FB300FB8F3F /* ColoredSquareSprite.m */ = {isa = PBXFileReference; fileEncoding = 4; lastKnownFileType = sourcecode.c.objc; path = ColoredSquareSprite.m; sourceTree = "<group>"; };
		E66F11A915FE5FB300FB8F3F /* ColoredSquareSprite.h */ = {isa = PBXFileReference; fileEncoding = 4; lastKnownFileType = sourcecode.c.h; path = ColoredSquareSprite.h; sourceTree = "<group>"; };
/* End PBXFileReference section */

/* Begin PBXFrameworksBuildPhase section */
		1D60588F0D05DD3D006BFB54 /* Frameworks */ = {
			isa = PBXFrameworksBuildPhase;
			buildActionMask = 2147483647;
			files = (
				DCCBF1B70F6022AE0040855A /* CoreGraphics.framework in Frameworks */,
				DCCBF1B90F6022AE0040855A /* Foundation.framework in Frameworks */,
				DCCBF1BB0F6022AE0040855A /* OpenGLES.framework in Frameworks */,
				DCCBF1BD0F6022AE0040855A /* QuartzCore.framework in Frameworks */,
				DCCBF1BF0F6022AE0040855A /* UIKit.framework in Frameworks */,
				DC6640030F83B3EA000B3E49 /* AudioToolbox.framework in Frameworks */,
				DC6640050F83B3EA000B3E49 /* OpenAL.framework in Frameworks */,
				506EDB88102F4C4000A389B3 /* libz.dylib in Frameworks */,
				506EDBA5102F4C9F00A389B3 /* AVFoundation.framework in Frameworks */,
			);
			runOnlyForDeploymentPostprocessing = 0;
		};
/* End PBXFrameworksBuildPhase section */

/* Begin PBXGroup section */
		19C28FACFE9D520D11CA2CBB /* Products */ = {
			isa = PBXGroup;
			children = (
				1D6058910D05DD3D006BFB54 /* SneakyInput 0.4.0.app */,
			);
			name = Products;
			sourceTree = "<group>";
		};
		29B97314FDCFA39411CA2CEA /* CustomTemplate */ = {
			isa = PBXGroup;
			children = (
				2D500B1D0D5A766B00DBA0E3 /* Classes */,
				29B97315FDCFA39411CA2CEA /* Other Sources */,
				50F414EB1069373D002A0D5E /* Resources */,
				29B97323FDCFA39411CA2CEA /* Frameworks */,
				19C28FACFE9D520D11CA2CBB /* Products */,
			);
			name = CustomTemplate;
			sourceTree = "<group>";
		};
		29B97315FDCFA39411CA2CEA /* Other Sources */ = {
			isa = PBXGroup;
			children = (
				1F3B9A820EF2151B00286867 /* SneakyInput_0_4_0_Prefix.pch */,
				29B97316FDCFA39411CA2CEA /* main.m */,
			);
			name = "Other Sources";
			sourceTree = "<group>";
		};
		29B97323FDCFA39411CA2CEA /* Frameworks */ = {
			isa = PBXGroup;
			children = (
				DCCBF1B60F6022AE0040855A /* CoreGraphics.framework */,
				DCCBF1B80F6022AE0040855A /* Foundation.framework */,
				DCCBF1BA0F6022AE0040855A /* OpenGLES.framework */,
				DCCBF1BC0F6022AE0040855A /* QuartzCore.framework */,
				DCCBF1BE0F6022AE0040855A /* UIKit.framework */,
				DC6640040F83B3EA000B3E49 /* OpenAL.framework */,
				DC6640020F83B3EA000B3E49 /* AudioToolbox.framework */,
				506EDB87102F4C4000A389B3 /* libz.dylib */,
				506EDBA4102F4C9F00A389B3 /* AVFoundation.framework */,
			);
			name = Frameworks;
			sourceTree = "<group>";
		};
		2D500B1D0D5A766B00DBA0E3 /* Classes */ = {
			isa = PBXGroup;
			children = (
				3395BB7D12A9EEC200243B7A /* SneakyJoystick */,
				3395BB7B12A9EEC200243B7A /* ColoredCircleSprite.h */,
				E66F11A815FE5FB300FB8F3F /* ColoredSquareSprite.m */,
				E66F11A915FE5FB300FB8F3F /* ColoredSquareSprite.h */,
				3395BB7C12A9EEC200243B7A /* ColoredCircleSprite.m */,
				3395BB7512A9EEC200243B7A /* SneakyButton */,
				3395BB7412A9EEC200243B7A /* SneakyDPad */,
				506EDC2F102F528A00A389B3 /* HelloWorldScene.h */,
				506EDC30102F528A00A389B3 /* HelloWorldScene.m */,
				E63415DF1618411600BF8BA0 /* CCNavigationViewController.mm */,
				E63415E01618411600BF8BA0 /* CCNavigationViewController.h */,
				1F3B9A2B0EF2145700286867 /* SneakyInput_0_4_0AppDelegate.m */,
				1F3B9A2C0EF2145700286867 /* SneakyInput_0_4_0AppDelegate.h */,
			);
			path = Classes;
			sourceTree = "<group>";
		};
		3395BB7412A9EEC200243B7A /* SneakyDPad */ = {
			isa = PBXGroup;
			children = (
			);
			name = SneakyDPad;
			sourceTree = "<group>";
		};
		3395BB7512A9EEC200243B7A /* SneakyButton */ = {
			isa = PBXGroup;
			children = (
				3395BB7612A9EEC200243B7A /* SneakyButton.h */,
				3395BB7712A9EEC200243B7A /* SneakyButton.m */,
				3395BB7812A9EEC200243B7A /* Skinning */,
			);
			name = SneakyButton;
			sourceTree = "<group>";
		};
		3395BB7812A9EEC200243B7A /* Skinning */ = {
			isa = PBXGroup;
			children = (
				3395BB7912A9EEC200243B7A /* SneakyButtonSkinnedBase.h */,
				3395BB7A12A9EEC200243B7A /* SneakyButtonSkinnedBase.m */,
			);
			name = Skinning;
			sourceTree = "<group>";
		};
		3395BB7D12A9EEC200243B7A /* SneakyJoystick */ = {
			isa = PBXGroup;
			children = (
				3395BB7E12A9EEC200243B7A /* SneakyJoystick.h */,
				3395BB7F12A9EEC200243B7A /* SneakyJoystick.m */,
				3395BB8012A9EEC200243B7A /* Skinning */,
			);
			name = SneakyJoystick;
			sourceTree = "<group>";
		};
		3395BB8012A9EEC200243B7A /* Skinning */ = {
			isa = PBXGroup;
			children = (
				3395BB8112A9EEC200243B7A /* SneakyJoystickSkinnedBase.h */,
				3395BB8212A9EEC200243B7A /* SneakyJoystickSkinnedBase.m */,
				3395BB8312A9EEC200243B7A /* SneakyJoystickSkinnedDPadExample.h */,
				3395BB8412A9EEC200243B7A /* SneakyJoystickSkinnedDPadExample.m */,
				3395BB8512A9EEC200243B7A /* SneakyJoystickSkinnedJoystickExample.h */,
				3395BB8612A9EEC200243B7A /* SneakyJoystickSkinnedJoystickExample.m */,
			);
			name = Skinning;
			sourceTree = "<group>";
		};
		50F414EB1069373D002A0D5E /* Resources */ = {
			isa = PBXGroup;
			children = (
				50F414EC1069373D002A0D5E /* Default.png */,
				50F414ED1069373D002A0D5E /* fps_images.png */,
				50F414EE1069373D002A0D5E /* Icon.png */,
				50F414EF1069373D002A0D5E /* Info.plist */,
			);
			path = Resources;
			sourceTree = "<group>";
		};
/* End PBXGroup section */

/* Begin PBXNativeTarget section */
		1D6058900D05DD3D006BFB54 /* SneakyInput 0.4.0 */ = {
			isa = PBXNativeTarget;
			buildConfigurationList = 1D6058960D05DD3E006BFB54 /* Build configuration list for PBXNativeTarget "SneakyInput 0.4.0" */;
			buildPhases = (
				1D60588D0D05DD3D006BFB54 /* Resources */,
				1D60588E0D05DD3D006BFB54 /* Sources */,
				1D60588F0D05DD3D006BFB54 /* Frameworks */,
			);
			buildRules = (
			);
			dependencies = (
			);
			name = "SneakyInput 0.4.0";
			productName = "SneakyInput 0.4.0";
			productReference = 1D6058910D05DD3D006BFB54 /* SneakyInput 0.4.0.app */;
			productType = "com.apple.product-type.application";
		};
/* End PBXNativeTarget section */

/* Begin PBXProject section */
		29B97313FDCFA39411CA2CEA /* Project object */ = {
			isa = PBXProject;
			attributes = {
				LastUpgradeCheck = 0450;
			};
			buildConfigurationList = C01FCF4E08A954540054247B /* Build configuration list for PBXProject "SneakyInput 0.4.0" */;
			compatibilityVersion = "Xcode 3.2";
			developmentRegion = English;
			hasScannedForEncodings = 1;
			knownRegions = (
				English,
				Japanese,
				French,
				German,
			);
			mainGroup = 29B97314FDCFA39411CA2CEA /* CustomTemplate */;
			projectDirPath = "";
			projectRoot = "";
			targets = (
				1D6058900D05DD3D006BFB54 /* SneakyInput 0.4.0 */,
			);
		};
/* End PBXProject section */

/* Begin PBXResourcesBuildPhase section */
		1D60588D0D05DD3D006BFB54 /* Resources */ = {
			isa = PBXResourcesBuildPhase;
			buildActionMask = 2147483647;
			files = (
				50F414F01069373D002A0D5E /* Default.png in Resources */,
				50F414F11069373D002A0D5E /* fps_images.png in Resources */,
				50F414F21069373D002A0D5E /* Icon.png in Resources */,
			);
			runOnlyForDeploymentPostprocessing = 0;
		};
/* End PBXResourcesBuildPhase section */

/* Begin PBXSourcesBuildPhase section */
		1D60588E0D05DD3D006BFB54 /* Sources */ = {
			isa = PBXSourcesBuildPhase;
			buildActionMask = 2147483647;
			files = (
				1D60589B0D05DD56006BFB54 /* main.m in Sources */,
				1F3B9A2D0EF2145700286867 /* SneakyInput_0_4_0AppDelegate.m in Sources */,
				506EDC31102F528A00A389B3 /* HelloWorldScene.m in Sources */,
				3395BB8712A9EEC200243B7A /* SneakyButton.m in Sources */,
				3395BB8812A9EEC200243B7A /* SneakyButtonSkinnedBase.m in Sources */,
				3395BB8912A9EEC200243B7A /* ColoredCircleSprite.m in Sources */,
				3395BB8A12A9EEC200243B7A /* SneakyJoystick.m in Sources */,
				3395BB8B12A9EEC200243B7A /* SneakyJoystickSkinnedBase.m in Sources */,
				3395BB8C12A9EEC200243B7A /* SneakyJoystickSkinnedDPadExample.m in Sources */,
				3395BB8D12A9EEC200243B7A /* SneakyJoystickSkinnedJoystickExample.m in Sources */,
				E66F11AA15FE5FB300FB8F3F /* ColoredSquareSprite.m in Sources */,
				E63415E11618411600BF8BA0 /* CCNavigationViewController.mm in Sources */,
			);
			runOnlyForDeploymentPostprocessing = 0;
		};
/* End PBXSourcesBuildPhase section */

/* Begin XCBuildConfiguration section */
		1D6058940D05DD3E006BFB54 /* Debug */ = {
			isa = XCBuildConfiguration;
			buildSettings = {
				ALWAYS_SEARCH_USER_PATHS = NO;
				CLANG_ENABLE_OBJC_ARC = YES;
				COPY_PHASE_STRIP = NO;
				DEBUG_INFORMATION_FORMAT = "dwarf-with-dsym";
				GCC_DYNAMIC_NO_PIC = NO;
				GCC_OPTIMIZATION_LEVEL = 0;
				GCC_PRECOMPILE_PREFIX_HEADER = YES;
				GCC_PREFIX_HEADER = SneakyInput_0_4_0_Prefix.pch;
				GCC_TREAT_WARNINGS_AS_ERRORS = NO;
				HEADER_SEARCH_PATHS = "~/Programming/SharedLibs/Cocos/include/**";
				INFOPLIST_FILE = Resources/Info.plist;
				IPHONEOS_DEPLOYMENT_TARGET = 5.0;
				LIBRARY_SEARCH_PATHS = "~/Programming/SharedLibs/Cocos/lib/**";
				ONLY_ACTIVE_ARCH = YES;
				OTHER_LDFLAGS = "-lCocos";
				PRODUCT_NAME = "SneakyInput 0.4.0";
				SDKROOT = iphoneos;
				WARNING_CFLAGS = "-Wall";
			};
			name = Debug;
		};
		1D6058950D05DD3E006BFB54 /* Release */ = {
			isa = XCBuildConfiguration;
			buildSettings = {
				ALWAYS_SEARCH_USER_PATHS = NO;
				CLANG_ENABLE_OBJC_ARC = YES;
				COPY_PHASE_STRIP = YES;
				DEBUG_INFORMATION_FORMAT = "dwarf-with-dsym";
				GCC_PRECOMPILE_PREFIX_HEADER = YES;
				GCC_PREFIX_HEADER = SneakyInput_0_4_0_Prefix.pch;
				GCC_TREAT_WARNINGS_AS_ERRORS = NO;
				HEADER_SEARCH_PATHS = "~/Programming/SharedLibs/Cocos/include/**";
				INFOPLIST_FILE = Resources/Info.plist;
				IPHONEOS_DEPLOYMENT_TARGET = 5.0;
				LIBRARY_SEARCH_PATHS = "~/Programming/SharedLibs/Cocos/lib/**";
				ONLY_ACTIVE_ARCH = NO;
				OTHER_LDFLAGS = "-lCocos";
				PRODUCT_NAME = "SneakyInput 0.4.0";
				SDKROOT = iphoneos;
				WARNING_CFLAGS = "-Wall";
			};
			name = Release;
		};
		C01FCF4F08A954540054247B /* Debug */ = {
			isa = XCBuildConfiguration;
			buildSettings = {
				ALWAYS_SEARCH_USER_PATHS = NO;
				ARCHS = "$(ARCHS_STANDARD_32_BIT)";
				"CODE_SIGN_IDENTITY[sdk=iphoneos*]" = "iPhone Developer";
				GCC_C_LANGUAGE_STANDARD = c99;
				GCC_PREPROCESSOR_DEFINITIONS = (
					DEBUG,
					"COCOS2D_DEBUG=1",
					"CD_DEBUG=1",
				);
				"GCC_THUMB_SUPPORT[arch=armv6]" = NO;
				"GCC_THUMB_SUPPORT[arch=armv7]" = YES;
				GCC_WARN_ABOUT_RETURN_TYPE = YES;
				GCC_WARN_UNUSED_VARIABLE = YES;
				IPHONEOS_DEPLOYMENT_TARGET = 3.0;
				ONLY_ACTIVE_ARCH = YES;
				SDKROOT = iphoneos;
			};
			name = Debug;
		};
		C01FCF5008A954540054247B /* Release */ = {
			isa = XCBuildConfiguration;
			buildSettings = {
				ALWAYS_SEARCH_USER_PATHS = NO;
				ARCHS = "$(ARCHS_STANDARD_32_BIT)";
				"CODE_SIGN_IDENTITY[sdk=iphoneos*]" = "iPhone Developer";
				GCC_C_LANGUAGE_STANDARD = c99;
				"GCC_THUMB_SUPPORT[arch=armv6]" = NO;
				"GCC_THUMB_SUPPORT[arch=armv7]" = YES;
				GCC_UNROLL_LOOPS = YES;
				GCC_WARN_ABOUT_RETURN_TYPE = YES;
				GCC_WARN_UNUSED_VARIABLE = YES;
				IPHONEOS_DEPLOYMENT_TARGET = 3.0;
				SDKROOT = iphoneos;
			};
			name = Release;
		};
/* End XCBuildConfiguration section */

/* Begin XCConfigurationList section */
		1D6058960D05DD3E006BFB54 /* Build configuration list for PBXNativeTarget "SneakyInput 0.4.0" */ = {
			isa = XCConfigurationList;
			buildConfigurations = (
				1D6058940D05DD3E006BFB54 /* Debug */,
				1D6058950D05DD3E006BFB54 /* Release */,
			);
			defaultConfigurationIsVisible = 0;
			defaultConfigurationName = Release;
		};
		C01FCF4E08A954540054247B /* Build configuration list for PBXProject "SneakyInput 0.4.0" */ = {
			isa = XCConfigurationList;
			buildConfigurations = (
				C01FCF4F08A954540054247B /* Debug */,
				C01FCF5008A954540054247B /* Release */,
			);
			defaultConfigurationIsVisible = 0;
			defaultConfigurationName = Release;
		};
/* End XCConfigurationList section */
	};
	rootObject = 29B97313FDCFA39411CA2CEA /* Project object */;
}
